// !$*UTF8*$!
{
	archiveVersion = 1;
	classes = {
	};
	objectVersion = 56;
	objects = {

/* Begin PBXBuildFile section */
		12036D212A784BF400C3D65D /* AppDelegate.swift in Sources */ = {isa = PBXBuildFile; fileRef = 12036D202A784BF400C3D65D /* AppDelegate.swift */; };
		12036D232A784BF400C3D65D /* SceneDelegate.swift in Sources */ = {isa = PBXBuildFile; fileRef = 12036D222A784BF400C3D65D /* SceneDelegate.swift */; };
		12036D252A784BF400C3D65D /* ViewController.swift in Sources */ = {isa = PBXBuildFile; fileRef = 12036D242A784BF400C3D65D /* ViewController.swift */; };
		12036D282A784BF400C3D65D /* Main.storyboard in Resources */ = {isa = PBXBuildFile; fileRef = 12036D262A784BF400C3D65D /* Main.storyboard */; };
		12036D2A2A784BF600C3D65D /* Assets.xcassets in Resources */ = {isa = PBXBuildFile; fileRef = 12036D292A784BF600C3D65D /* Assets.xcassets */; };
		12036D2D2A784BF600C3D65D /* LaunchScreen.storyboard in Resources */ = {isa = PBXBuildFile; fileRef = 12036D2B2A784BF600C3D65D /* LaunchScreen.storyboard */; };
		12036D382A784BF600C3D65D /* hikingSafeTests.swift in Sources */ = {isa = PBXBuildFile; fileRef = 12036D372A784BF600C3D65D /* hikingSafeTests.swift */; };
		12036D422A784BF600C3D65D /* hikingSafeUITests.swift in Sources */ = {isa = PBXBuildFile; fileRef = 12036D412A784BF600C3D65D /* hikingSafeUITests.swift */; };
		12036D442A784BF600C3D65D /* hikingSafeUITestsLaunchTests.swift in Sources */ = {isa = PBXBuildFile; fileRef = 12036D432A784BF600C3D65D /* hikingSafeUITestsLaunchTests.swift */; };
		126DECC42A7C5DCB00E964F9 /* InfoController.swift in Sources */ = {isa = PBXBuildFile; fileRef = 126DECC32A7C5DCB00E964F9 /* InfoController.swift */; };
		126DECC62A7C64C100E964F9 /* AdditionalInfoViewController.swift in Sources */ = {isa = PBXBuildFile; fileRef = 126DECC52A7C64C100E964F9 /* AdditionalInfoViewController.swift */; };
		126DECC82A7C723600E964F9 /* BringViewController.swift in Sources */ = {isa = PBXBuildFile; fileRef = 126DECC72A7C723600E964F9 /* BringViewController.swift */; };
		126E82F72A79AF980044F73C /* OnboardingViewController.swift in Sources */ = {isa = PBXBuildFile; fileRef = 126E82F62A79AF980044F73C /* OnboardingViewController.swift */; };
		126E82FB2A79B6550044F73C /* OnboardingSlide.swift in Sources */ = {isa = PBXBuildFile; fileRef = 126E82FA2A79B6550044F73C /* OnboardingSlide.swift */; };
		126E82FD2A79CCCD0044F73C /* OnboardingCollectionViewCell.swift in Sources */ = {isa = PBXBuildFile; fileRef = 126E82FC2A79CCCD0044F73C /* OnboardingCollectionViewCell.swift */; };
		126E82FF2A7C52840044F73C /* GoogleService-Info.plist in Resources */ = {isa = PBXBuildFile; fileRef = 126E82FE2A7C52840044F73C /* GoogleService-Info.plist */; };
		829B8C717F5A711C49809089 /* Pods_hikingSafe_hikingSafeUITests.framework in Frameworks */ = {isa = PBXBuildFile; fileRef = E1BAB2A6E8562B79CB8DAB6A /* Pods_hikingSafe_hikingSafeUITests.framework */; };
		C1D253C3E71171FE5F4EA23C /* Pods_hikingSafe.framework in Frameworks */ = {isa = PBXBuildFile; fileRef = 82C5497D427547B213A0C1CD /* Pods_hikingSafe.framework */; };
		FDBCCC99887FF4D87E7CCC37 /* Pods_hikingSafeTests.framework in Frameworks */ = {isa = PBXBuildFile; fileRef = D74CACEF687D3DF99F72CF3D /* Pods_hikingSafeTests.framework */; };
/* End PBXBuildFile section */

/* Begin PBXContainerItemProxy section */
		12036D342A784BF600C3D65D /* PBXContainerItemProxy */ = {
			isa = PBXContainerItemProxy;
			containerPortal = 12036D152A784BF400C3D65D /* Project object */;
			proxyType = 1;
			remoteGlobalIDString = 12036D1C2A784BF400C3D65D;
			remoteInfo = hikingSafe;
		};
		12036D3E2A784BF600C3D65D /* PBXContainerItemProxy */ = {
			isa = PBXContainerItemProxy;
			containerPortal = 12036D152A784BF400C3D65D /* Project object */;
			proxyType = 1;
			remoteGlobalIDString = 12036D1C2A784BF400C3D65D;
			remoteInfo = hikingSafe;
		};
/* End PBXContainerItemProxy section */

/* Begin PBXFileReference section */
		12036D1D2A784BF400C3D65D /* hikingSafe.app */ = {isa = PBXFileReference; explicitFileType = wrapper.application; includeInIndex = 0; path = hikingSafe.app; sourceTree = BUILT_PRODUCTS_DIR; };
		12036D202A784BF400C3D65D /* AppDelegate.swift */ = {isa = PBXFileReference; lastKnownFileType = sourcecode.swift; path = AppDelegate.swift; sourceTree = "<group>"; };
		12036D222A784BF400C3D65D /* SceneDelegate.swift */ = {isa = PBXFileReference; lastKnownFileType = sourcecode.swift; path = SceneDelegate.swift; sourceTree = "<group>"; };
		12036D242A784BF400C3D65D /* ViewController.swift */ = {isa = PBXFileReference; lastKnownFileType = sourcecode.swift; path = ViewController.swift; sourceTree = "<group>"; };
		12036D272A784BF400C3D65D /* Base */ = {isa = PBXFileReference; lastKnownFileType = file.storyboard; name = Base; path = Base.lproj/Main.storyboard; sourceTree = "<group>"; };
		12036D292A784BF600C3D65D /* Assets.xcassets */ = {isa = PBXFileReference; lastKnownFileType = folder.assetcatalog; path = Assets.xcassets; sourceTree = "<group>"; };
		12036D2C2A784BF600C3D65D /* Base */ = {isa = PBXFileReference; lastKnownFileType = file.storyboard; name = Base; path = Base.lproj/LaunchScreen.storyboard; sourceTree = "<group>"; };
		12036D2E2A784BF600C3D65D /* Info.plist */ = {isa = PBXFileReference; lastKnownFileType = text.plist.xml; path = Info.plist; sourceTree = "<group>"; };
		12036D332A784BF600C3D65D /* hikingSafeTests.xctest */ = {isa = PBXFileReference; explicitFileType = wrapper.cfbundle; includeInIndex = 0; path = hikingSafeTests.xctest; sourceTree = BUILT_PRODUCTS_DIR; };
		12036D372A784BF600C3D65D /* hikingSafeTests.swift */ = {isa = PBXFileReference; lastKnownFileType = sourcecode.swift; path = hikingSafeTests.swift; sourceTree = "<group>"; };
		12036D3D2A784BF600C3D65D /* hikingSafeUITests.xctest */ = {isa = PBXFileReference; explicitFileType = wrapper.cfbundle; includeInIndex = 0; path = hikingSafeUITests.xctest; sourceTree = BUILT_PRODUCTS_DIR; };
		12036D412A784BF600C3D65D /* hikingSafeUITests.swift */ = {isa = PBXFileReference; lastKnownFileType = sourcecode.swift; path = hikingSafeUITests.swift; sourceTree = "<group>"; };
		12036D432A784BF600C3D65D /* hikingSafeUITestsLaunchTests.swift */ = {isa = PBXFileReference; lastKnownFileType = sourcecode.swift; path = hikingSafeUITestsLaunchTests.swift; sourceTree = "<group>"; };
		126DECC32A7C5DCB00E964F9 /* InfoController.swift */ = {isa = PBXFileReference; lastKnownFileType = sourcecode.swift; path = InfoController.swift; sourceTree = "<group>"; };
		126DECC52A7C64C100E964F9 /* AdditionalInfoViewController.swift */ = {isa = PBXFileReference; lastKnownFileType = sourcecode.swift; path = AdditionalInfoViewController.swift; sourceTree = "<group>"; };
		126DECC72A7C723600E964F9 /* BringViewController.swift */ = {isa = PBXFileReference; lastKnownFileType = sourcecode.swift; path = BringViewController.swift; sourceTree = "<group>"; };
		126E82F62A79AF980044F73C /* OnboardingViewController.swift */ = {isa = PBXFileReference; lastKnownFileType = sourcecode.swift; path = OnboardingViewController.swift; sourceTree = "<group>"; };
		126E82FA2A79B6550044F73C /* OnboardingSlide.swift */ = {isa = PBXFileReference; lastKnownFileType = sourcecode.swift; path = OnboardingSlide.swift; sourceTree = "<group>"; };
		126E82FC2A79CCCD0044F73C /* OnboardingCollectionViewCell.swift */ = {isa = PBXFileReference; lastKnownFileType = sourcecode.swift; path = OnboardingCollectionViewCell.swift; sourceTree = "<group>"; };
		126E82FE2A7C52840044F73C /* GoogleService-Info.plist */ = {isa = PBXFileReference; fileEncoding = 4; lastKnownFileType = text.plist.xml; path = "GoogleService-Info.plist"; sourceTree = "<group>"; };
		12EE1E8953075068694FCF51 /* Pods-hikingSafe-hikingSafeUITests.release.xcconfig */ = {isa = PBXFileReference; includeInIndex = 1; lastKnownFileType = text.xcconfig; name = "Pods-hikingSafe-hikingSafeUITests.release.xcconfig"; path = "Target Support Files/Pods-hikingSafe-hikingSafeUITests/Pods-hikingSafe-hikingSafeUITests.release.xcconfig"; sourceTree = "<group>"; };
		28F08F8D78B1050622721687 /* Pods-hikingSafe.debug.xcconfig */ = {isa = PBXFileReference; includeInIndex = 1; lastKnownFileType = text.xcconfig; name = "Pods-hikingSafe.debug.xcconfig"; path = "Target Support Files/Pods-hikingSafe/Pods-hikingSafe.debug.xcconfig"; sourceTree = "<group>"; };
		7737A3CE3D5376EBABA24A54 /* Pods-hikingSafe-hikingSafeUITests.debug.xcconfig */ = {isa = PBXFileReference; includeInIndex = 1; lastKnownFileType = text.xcconfig; name = "Pods-hikingSafe-hikingSafeUITests.debug.xcconfig"; path = "Target Support Files/Pods-hikingSafe-hikingSafeUITests/Pods-hikingSafe-hikingSafeUITests.debug.xcconfig"; sourceTree = "<group>"; };
		82C5497D427547B213A0C1CD /* Pods_hikingSafe.framework */ = {isa = PBXFileReference; explicitFileType = wrapper.framework; includeInIndex = 0; path = Pods_hikingSafe.framework; sourceTree = BUILT_PRODUCTS_DIR; };
		9330B719E290057040811133 /* Pods-hikingSafe.release.xcconfig */ = {isa = PBXFileReference; includeInIndex = 1; lastKnownFileType = text.xcconfig; name = "Pods-hikingSafe.release.xcconfig"; path = "Target Support Files/Pods-hikingSafe/Pods-hikingSafe.release.xcconfig"; sourceTree = "<group>"; };
		93A1FC758570A7AAC0C3AFF9 /* Pods-hikingSafeTests.release.xcconfig */ = {isa = PBXFileReference; includeInIndex = 1; lastKnownFileType = text.xcconfig; name = "Pods-hikingSafeTests.release.xcconfig"; path = "Target Support Files/Pods-hikingSafeTests/Pods-hikingSafeTests.release.xcconfig"; sourceTree = "<group>"; };
		CC3B575CBB3FE93D1E7AC267 /* Pods-hikingSafeTests.debug.xcconfig */ = {isa = PBXFileReference; includeInIndex = 1; lastKnownFileType = text.xcconfig; name = "Pods-hikingSafeTests.debug.xcconfig"; path = "Target Support Files/Pods-hikingSafeTests/Pods-hikingSafeTests.debug.xcconfig"; sourceTree = "<group>"; };
		D74CACEF687D3DF99F72CF3D /* Pods_hikingSafeTests.framework */ = {isa = PBXFileReference; explicitFileType = wrapper.framework; includeInIndex = 0; path = Pods_hikingSafeTests.framework; sourceTree = BUILT_PRODUCTS_DIR; };
		E1BAB2A6E8562B79CB8DAB6A /* Pods_hikingSafe_hikingSafeUITests.framework */ = {isa = PBXFileReference; explicitFileType = wrapper.framework; includeInIndex = 0; path = Pods_hikingSafe_hikingSafeUITests.framework; sourceTree = BUILT_PRODUCTS_DIR; };
/* End PBXFileReference section */

/* Begin PBXFrameworksBuildPhase section */
		12036D1A2A784BF400C3D65D /* Frameworks */ = {
			isa = PBXFrameworksBuildPhase;
			buildActionMask = 2147483647;
			files = (
				C1D253C3E71171FE5F4EA23C /* Pods_hikingSafe.framework in Frameworks */,
			);
			runOnlyForDeploymentPostprocessing = 0;
		};
		12036D302A784BF600C3D65D /* Frameworks */ = {
			isa = PBXFrameworksBuildPhase;
			buildActionMask = 2147483647;
			files = (
				FDBCCC99887FF4D87E7CCC37 /* Pods_hikingSafeTests.framework in Frameworks */,
			);
			runOnlyForDeploymentPostprocessing = 0;
		};
		12036D3A2A784BF600C3D65D /* Frameworks */ = {
			isa = PBXFrameworksBuildPhase;
			buildActionMask = 2147483647;
			files = (
				829B8C717F5A711C49809089 /* Pods_hikingSafe_hikingSafeUITests.framework in Frameworks */,
			);
			runOnlyForDeploymentPostprocessing = 0;
		};
/* End PBXFrameworksBuildPhase section */

/* Begin PBXGroup section */
		12036D142A784BF400C3D65D = {
			isa = PBXGroup;
			children = (
				12036D1F2A784BF400C3D65D /* hikingSafe */,
				12036D362A784BF600C3D65D /* hikingSafeTests */,
				12036D402A784BF600C3D65D /* hikingSafeUITests */,
				12036D1E2A784BF400C3D65D /* Products */,
				68627E6F0CB9FC3B4DB04E37 /* Pods */,
				5C2FB4EFA57B9768C28B5BD2 /* Frameworks */,
			);
			sourceTree = "<group>";
		};
		12036D1E2A784BF400C3D65D /* Products */ = {
			isa = PBXGroup;
			children = (
				12036D1D2A784BF400C3D65D /* hikingSafe.app */,
				12036D332A784BF600C3D65D /* hikingSafeTests.xctest */,
				12036D3D2A784BF600C3D65D /* hikingSafeUITests.xctest */,
			);
			name = Products;
			sourceTree = "<group>";
		};
		12036D1F2A784BF400C3D65D /* hikingSafe */ = {
			isa = PBXGroup;
			children = (
				126E82FE2A7C52840044F73C /* GoogleService-Info.plist */,
				12036D202A784BF400C3D65D /* AppDelegate.swift */,
				126E82F32A79AF550044F73C /* Models */,
				12036D222A784BF400C3D65D /* SceneDelegate.swift */,
				12036D242A784BF400C3D65D /* ViewController.swift */,
				126E82F52A79AF6F0044F73C /* Onboarding */,
				126E82F42A79AF680044F73C /* Views */,
				12036D292A784BF600C3D65D /* Assets.xcassets */,
				12036D2E2A784BF600C3D65D /* Info.plist */,
				126DECC32A7C5DCB00E964F9 /* InfoController.swift */,
				126DECC52A7C64C100E964F9 /* AdditionalInfoViewController.swift */,
				126DECC72A7C723600E964F9 /* BringViewController.swift */,
			);
			path = hikingSafe;
			sourceTree = "<group>";
		};
		12036D362A784BF600C3D65D /* hikingSafeTests */ = {
			isa = PBXGroup;
			children = (
				12036D372A784BF600C3D65D /* hikingSafeTests.swift */,
			);
			path = hikingSafeTests;
			sourceTree = "<group>";
		};
		12036D402A784BF600C3D65D /* hikingSafeUITests */ = {
			isa = PBXGroup;
			children = (
				12036D412A784BF600C3D65D /* hikingSafeUITests.swift */,
				12036D432A784BF600C3D65D /* hikingSafeUITestsLaunchTests.swift */,
			);
			path = hikingSafeUITests;
			sourceTree = "<group>";
		};
		126E82F32A79AF550044F73C /* Models */ = {
			isa = PBXGroup;
			children = (
				126E82FA2A79B6550044F73C /* OnboardingSlide.swift */,
			);
			path = Models;
			sourceTree = "<group>";
		};
		126E82F42A79AF680044F73C /* Views */ = {
			isa = PBXGroup;
			children = (
				12036D2B2A784BF600C3D65D /* LaunchScreen.storyboard */,
				12036D262A784BF400C3D65D /* Main.storyboard */,
			);
			path = Views;
			sourceTree = "<group>";
		};
		126E82F52A79AF6F0044F73C /* Onboarding */ = {
			isa = PBXGroup;
			children = (
				126E82F62A79AF980044F73C /* OnboardingViewController.swift */,
				126E82FC2A79CCCD0044F73C /* OnboardingCollectionViewCell.swift */,
			);
			path = Onboarding;
			sourceTree = "<group>";
		};
		5C2FB4EFA57B9768C28B5BD2 /* Frameworks */ = {
			isa = PBXGroup;
			children = (
				82C5497D427547B213A0C1CD /* Pods_hikingSafe.framework */,
				E1BAB2A6E8562B79CB8DAB6A /* Pods_hikingSafe_hikingSafeUITests.framework */,
				D74CACEF687D3DF99F72CF3D /* Pods_hikingSafeTests.framework */,
			);
			name = Frameworks;
			sourceTree = "<group>";
		};
		68627E6F0CB9FC3B4DB04E37 /* Pods */ = {
			isa = PBXGroup;
			children = (
				28F08F8D78B1050622721687 /* Pods-hikingSafe.debug.xcconfig */,
				9330B719E290057040811133 /* Pods-hikingSafe.release.xcconfig */,
				7737A3CE3D5376EBABA24A54 /* Pods-hikingSafe-hikingSafeUITests.debug.xcconfig */,
				12EE1E8953075068694FCF51 /* Pods-hikingSafe-hikingSafeUITests.release.xcconfig */,
				CC3B575CBB3FE93D1E7AC267 /* Pods-hikingSafeTests.debug.xcconfig */,
				93A1FC758570A7AAC0C3AFF9 /* Pods-hikingSafeTests.release.xcconfig */,
			);
			path = Pods;
			sourceTree = "<group>";
		};
/* End PBXGroup section */

/* Begin PBXNativeTarget section */
		12036D1C2A784BF400C3D65D /* hikingSafe */ = {
			isa = PBXNativeTarget;
			buildConfigurationList = 12036D472A784BF600C3D65D /* Build configuration list for PBXNativeTarget "hikingSafe" */;
			buildPhases = (
				AE580C9A8A2441612410D8E4 /* [CP] Check Pods Manifest.lock */,
				12036D192A784BF400C3D65D /* Sources */,
				12036D1A2A784BF400C3D65D /* Frameworks */,
				12036D1B2A784BF400C3D65D /* Resources */,
				A410542341EB6C70E389F88E /* [CP] Embed Pods Frameworks */,
			);
			buildRules = (
			);
			dependencies = (
			);
			name = hikingSafe;
			productName = hikingSafe;
			productReference = 12036D1D2A784BF400C3D65D /* hikingSafe.app */;
			productType = "com.apple.product-type.application";
		};
		12036D322A784BF600C3D65D /* hikingSafeTests */ = {
			isa = PBXNativeTarget;
			buildConfigurationList = 12036D4A2A784BF600C3D65D /* Build configuration list for PBXNativeTarget "hikingSafeTests" */;
			buildPhases = (
				ED6108FA56E88E39057BB9D6 /* [CP] Check Pods Manifest.lock */,
				12036D2F2A784BF600C3D65D /* Sources */,
				12036D302A784BF600C3D65D /* Frameworks */,
				12036D312A784BF600C3D65D /* Resources */,
			);
			buildRules = (
			);
			dependencies = (
				12036D352A784BF600C3D65D /* PBXTargetDependency */,
			);
			name = hikingSafeTests;
			productName = hikingSafeTests;
			productReference = 12036D332A784BF600C3D65D /* hikingSafeTests.xctest */;
			productType = "com.apple.product-type.bundle.unit-test";
		};
		12036D3C2A784BF600C3D65D /* hikingSafeUITests */ = {
			isa = PBXNativeTarget;
			buildConfigurationList = 12036D4D2A784BF600C3D65D /* Build configuration list for PBXNativeTarget "hikingSafeUITests" */;
			buildPhases = (
				11E3CBEC93CE1075D01EF1A8 /* [CP] Check Pods Manifest.lock */,
				12036D392A784BF600C3D65D /* Sources */,
				12036D3A2A784BF600C3D65D /* Frameworks */,
				12036D3B2A784BF600C3D65D /* Resources */,
				074A922CB7349C23D01BA470 /* [CP] Embed Pods Frameworks */,
			);
			buildRules = (
			);
			dependencies = (
				12036D3F2A784BF600C3D65D /* PBXTargetDependency */,
			);
			name = hikingSafeUITests;
			productName = hikingSafeUITests;
			productReference = 12036D3D2A784BF600C3D65D /* hikingSafeUITests.xctest */;
			productType = "com.apple.product-type.bundle.ui-testing";
		};
/* End PBXNativeTarget section */

/* Begin PBXProject section */
		12036D152A784BF400C3D65D /* Project object */ = {
			isa = PBXProject;
			attributes = {
				BuildIndependentTargetsInParallel = 1;
				LastSwiftUpdateCheck = 1420;
				LastUpgradeCheck = 1420;
				TargetAttributes = {
					12036D1C2A784BF400C3D65D = {
						CreatedOnToolsVersion = 14.2;
					};
					12036D322A784BF600C3D65D = {
						CreatedOnToolsVersion = 14.2;
						TestTargetID = 12036D1C2A784BF400C3D65D;
					};
					12036D3C2A784BF600C3D65D = {
						CreatedOnToolsVersion = 14.2;
						TestTargetID = 12036D1C2A784BF400C3D65D;
					};
				};
			};
			buildConfigurationList = 12036D182A784BF400C3D65D /* Build configuration list for PBXProject "hikingSafe" */;
			compatibilityVersion = "Xcode 14.0";
			developmentRegion = en;
			hasScannedForEncodings = 0;
			knownRegions = (
				en,
				Base,
			);
			mainGroup = 12036D142A784BF400C3D65D;
			productRefGroup = 12036D1E2A784BF400C3D65D /* Products */;
			projectDirPath = "";
			projectRoot = "";
			targets = (
				12036D1C2A784BF400C3D65D /* hikingSafe */,
				12036D322A784BF600C3D65D /* hikingSafeTests */,
				12036D3C2A784BF600C3D65D /* hikingSafeUITests */,
			);
		};
/* End PBXProject section */

/* Begin PBXResourcesBuildPhase section */
		12036D1B2A784BF400C3D65D /* Resources */ = {
			isa = PBXResourcesBuildPhase;
			buildActionMask = 2147483647;
			files = (
				12036D2D2A784BF600C3D65D /* LaunchScreen.storyboard in Resources */,
				126E82FF2A7C52840044F73C /* GoogleService-Info.plist in Resources */,
				12036D2A2A784BF600C3D65D /* Assets.xcassets in Resources */,
				12036D282A784BF400C3D65D /* Main.storyboard in Resources */,
			);
			runOnlyForDeploymentPostprocessing = 0;
		};
		12036D312A784BF600C3D65D /* Resources */ = {
			isa = PBXResourcesBuildPhase;
			buildActionMask = 2147483647;
			files = (
			);
			runOnlyForDeploymentPostprocessing = 0;
		};
		12036D3B2A784BF600C3D65D /* Resources */ = {
			isa = PBXResourcesBuildPhase;
			buildActionMask = 2147483647;
			files = (
			);
			runOnlyForDeploymentPostprocessing = 0;
		};
/* End PBXResourcesBuildPhase section */

/* Begin PBXShellScriptBuildPhase section */
		074A922CB7349C23D01BA470 /* [CP] Embed Pods Frameworks */ = {
			isa = PBXShellScriptBuildPhase;
			buildActionMask = 2147483647;
			files = (
			);
			inputFileListPaths = (
				"${PODS_ROOT}/Target Support Files/Pods-hikingSafe-hikingSafeUITests/Pods-hikingSafe-hikingSafeUITests-frameworks-${CONFIGURATION}-input-files.xcfilelist",
			);
			name = "[CP] Embed Pods Frameworks";
			outputFileListPaths = (
				"${PODS_ROOT}/Target Support Files/Pods-hikingSafe-hikingSafeUITests/Pods-hikingSafe-hikingSafeUITests-frameworks-${CONFIGURATION}-output-files.xcfilelist",
			);
			runOnlyForDeploymentPostprocessing = 0;
			shellPath = /bin/sh;
			shellScript = "\"${PODS_ROOT}/Target Support Files/Pods-hikingSafe-hikingSafeUITests/Pods-hikingSafe-hikingSafeUITests-frameworks.sh\"\n";
			showEnvVarsInLog = 0;
		};
		11E3CBEC93CE1075D01EF1A8 /* [CP] Check Pods Manifest.lock */ = {
			isa = PBXShellScriptBuildPhase;
			buildActionMask = 2147483647;
			files = (
			);
			inputFileListPaths = (
			);
			inputPaths = (
				"${PODS_PODFILE_DIR_PATH}/Podfile.lock",
				"${PODS_ROOT}/Manifest.lock",
			);
			name = "[CP] Check Pods Manifest.lock";
			outputFileListPaths = (
			);
			outputPaths = (
				"$(DERIVED_FILE_DIR)/Pods-hikingSafe-hikingSafeUITests-checkManifestLockResult.txt",
			);
			runOnlyForDeploymentPostprocessing = 0;
			shellPath = /bin/sh;
			shellScript = "diff \"${PODS_PODFILE_DIR_PATH}/Podfile.lock\" \"${PODS_ROOT}/Manifest.lock\" > /dev/null\nif [ $? != 0 ] ; then\n    # print error to STDERR\n    echo \"error: The sandbox is not in sync with the Podfile.lock. Run 'pod install' or update your CocoaPods installation.\" >&2\n    exit 1\nfi\n# This output is used by Xcode 'outputs' to avoid re-running this script phase.\necho \"SUCCESS\" > \"${SCRIPT_OUTPUT_FILE_0}\"\n";
			showEnvVarsInLog = 0;
		};
		A410542341EB6C70E389F88E /* [CP] Embed Pods Frameworks */ = {
			isa = PBXShellScriptBuildPhase;
			buildActionMask = 2147483647;
			files = (
			);
			inputFileListPaths = (
				"${PODS_ROOT}/Target Support Files/Pods-hikingSafe/Pods-hikingSafe-frameworks-${CONFIGURATION}-input-files.xcfilelist",
			);
			name = "[CP] Embed Pods Frameworks";
			outputFileListPaths = (
				"${PODS_ROOT}/Target Support Files/Pods-hikingSafe/Pods-hikingSafe-frameworks-${CONFIGURATION}-output-files.xcfilelist",
			);
			runOnlyForDeploymentPostprocessing = 0;
			shellPath = /bin/sh;
			shellScript = "\"${PODS_ROOT}/Target Support Files/Pods-hikingSafe/Pods-hikingSafe-frameworks.sh\"\n";
			showEnvVarsInLog = 0;
		};
		AE580C9A8A2441612410D8E4 /* [CP] Check Pods Manifest.lock */ = {
			isa = PBXShellScriptBuildPhase;
			buildActionMask = 2147483647;
			files = (
			);
			inputFileListPaths = (
			);
			inputPaths = (
				"${PODS_PODFILE_DIR_PATH}/Podfile.lock",
				"${PODS_ROOT}/Manifest.lock",
			);
			name = "[CP] Check Pods Manifest.lock";
			outputFileListPaths = (
			);
			outputPaths = (
				"$(DERIVED_FILE_DIR)/Pods-hikingSafe-checkManifestLockResult.txt",
			);
			runOnlyForDeploymentPostprocessing = 0;
			shellPath = /bin/sh;
			shellScript = "diff \"${PODS_PODFILE_DIR_PATH}/Podfile.lock\" \"${PODS_ROOT}/Manifest.lock\" > /dev/null\nif [ $? != 0 ] ; then\n    # print error to STDERR\n    echo \"error: The sandbox is not in sync with the Podfile.lock. Run 'pod install' or update your CocoaPods installation.\" >&2\n    exit 1\nfi\n# This output is used by Xcode 'outputs' to avoid re-running this script phase.\necho \"SUCCESS\" > \"${SCRIPT_OUTPUT_FILE_0}\"\n";
			showEnvVarsInLog = 0;
		};
		ED6108FA56E88E39057BB9D6 /* [CP] Check Pods Manifest.lock */ = {
			isa = PBXShellScriptBuildPhase;
			buildActionMask = 2147483647;
			files = (
			);
			inputFileListPaths = (
			);
			inputPaths = (
				"${PODS_PODFILE_DIR_PATH}/Podfile.lock",
				"${PODS_ROOT}/Manifest.lock",
			);
			name = "[CP] Check Pods Manifest.lock";
			outputFileListPaths = (
			);
			outputPaths = (
				"$(DERIVED_FILE_DIR)/Pods-hikingSafeTests-checkManifestLockResult.txt",
			);
			runOnlyForDeploymentPostprocessing = 0;
			shellPath = /bin/sh;
			shellScript = "diff \"${PODS_PODFILE_DIR_PATH}/Podfile.lock\" \"${PODS_ROOT}/Manifest.lock\" > /dev/null\nif [ $? != 0 ] ; then\n    # print error to STDERR\n    echo \"error: The sandbox is not in sync with the Podfile.lock. Run 'pod install' or update your CocoaPods installation.\" >&2\n    exit 1\nfi\n# This output is used by Xcode 'outputs' to avoid re-running this script phase.\necho \"SUCCESS\" > \"${SCRIPT_OUTPUT_FILE_0}\"\n";
			showEnvVarsInLog = 0;
		};
/* End PBXShellScriptBuildPhase section */

/* Begin PBXSourcesBuildPhase section */
		12036D192A784BF400C3D65D /* Sources */ = {
			isa = PBXSourcesBuildPhase;
			buildActionMask = 2147483647;
			files = (
				12036D252A784BF400C3D65D /* ViewController.swift in Sources */,
				126E82F72A79AF980044F73C /* OnboardingViewController.swift in Sources */,
				126DECC42A7C5DCB00E964F9 /* InfoController.swift in Sources */,
				126DECC82A7C723600E964F9 /* BringViewController.swift in Sources */,
				12036D212A784BF400C3D65D /* AppDelegate.swift in Sources */,
				126E82FB2A79B6550044F73C /* OnboardingSlide.swift in Sources */,
				126DECC62A7C64C100E964F9 /* AdditionalInfoViewController.swift in Sources */,
				12036D232A784BF400C3D65D /* SceneDelegate.swift in Sources */,
				126E82FD2A79CCCD0044F73C /* OnboardingCollectionViewCell.swift in Sources */,
			);
			runOnlyForDeploymentPostprocessing = 0;
		};
		12036D2F2A784BF600C3D65D /* Sources */ = {
			isa = PBXSourcesBuildPhase;
			buildActionMask = 2147483647;
			files = (
				12036D382A784BF600C3D65D /* hikingSafeTests.swift in Sources */,
			);
			runOnlyForDeploymentPostprocessing = 0;
		};
		12036D392A784BF600C3D65D /* Sources */ = {
			isa = PBXSourcesBuildPhase;
			buildActionMask = 2147483647;
			files = (
				12036D422A784BF600C3D65D /* hikingSafeUITests.swift in Sources */,
				12036D442A784BF600C3D65D /* hikingSafeUITestsLaunchTests.swift in Sources */,
			);
			runOnlyForDeploymentPostprocessing = 0;
		};
/* End PBXSourcesBuildPhase section */

/* Begin PBXTargetDependency section */
		12036D352A784BF600C3D65D /* PBXTargetDependency */ = {
			isa = PBXTargetDependency;
			target = 12036D1C2A784BF400C3D65D /* hikingSafe */;
			targetProxy = 12036D342A784BF600C3D65D /* PBXContainerItemProxy */;
		};
		12036D3F2A784BF600C3D65D /* PBXTargetDependency */ = {
			isa = PBXTargetDependency;
			target = 12036D1C2A784BF400C3D65D /* hikingSafe */;
			targetProxy = 12036D3E2A784BF600C3D65D /* PBXContainerItemProxy */;
		};
/* End PBXTargetDependency section */

/* Begin PBXVariantGroup section */
		12036D262A784BF400C3D65D /* Main.storyboard */ = {
			isa = PBXVariantGroup;
			children = (
				12036D272A784BF400C3D65D /* Base */,
			);
			name = Main.storyboard;
			sourceTree = "<group>";
		};
		12036D2B2A784BF600C3D65D /* LaunchScreen.storyboard */ = {
			isa = PBXVariantGroup;
			children = (
				12036D2C2A784BF600C3D65D /* Base */,
			);
			name = LaunchScreen.storyboard;
			sourceTree = "<group>";
		};
/* End PBXVariantGroup section */

/* Begin XCBuildConfiguration section */
		12036D452A784BF600C3D65D /* Debug */ = {
			isa = XCBuildConfiguration;
			buildSettings = {
				ALWAYS_SEARCH_USER_PATHS = NO;
				CLANG_ANALYZER_NONNULL = YES;
				CLANG_ANALYZER_NUMBER_OBJECT_CONVERSION = YES_AGGRESSIVE;
				CLANG_CXX_LANGUAGE_STANDARD = "gnu++20";
				CLANG_ENABLE_MODULES = YES;
				CLANG_ENABLE_OBJC_ARC = YES;
				CLANG_ENABLE_OBJC_WEAK = YES;
				CLANG_WARN_BLOCK_CAPTURE_AUTORELEASING = YES;
				CLANG_WARN_BOOL_CONVERSION = YES;
				CLANG_WARN_COMMA = YES;
				CLANG_WARN_CONSTANT_CONVERSION = YES;
				CLANG_WARN_DEPRECATED_OBJC_IMPLEMENTATIONS = YES;
				CLANG_WARN_DIRECT_OBJC_ISA_USAGE = YES_ERROR;
				CLANG_WARN_DOCUMENTATION_COMMENTS = YES;
				CLANG_WARN_EMPTY_BODY = YES;
				CLANG_WARN_ENUM_CONVERSION = YES;
				CLANG_WARN_INFINITE_RECURSION = YES;
				CLANG_WARN_INT_CONVERSION = YES;
				CLANG_WARN_NON_LITERAL_NULL_CONVERSION = YES;
				CLANG_WARN_OBJC_IMPLICIT_RETAIN_SELF = YES;
				CLANG_WARN_OBJC_LITERAL_CONVERSION = YES;
				CLANG_WARN_OBJC_ROOT_CLASS = YES_ERROR;
				CLANG_WARN_QUOTED_INCLUDE_IN_FRAMEWORK_HEADER = YES;
				CLANG_WARN_RANGE_LOOP_ANALYSIS = YES;
				CLANG_WARN_STRICT_PROTOTYPES = YES;
				CLANG_WARN_SUSPICIOUS_MOVE = YES;
				CLANG_WARN_UNGUARDED_AVAILABILITY = YES_AGGRESSIVE;
				CLANG_WARN_UNREACHABLE_CODE = YES;
				CLANG_WARN__DUPLICATE_METHOD_MATCH = YES;
				COPY_PHASE_STRIP = NO;
				DEBUG_INFORMATION_FORMAT = dwarf;
				ENABLE_STRICT_OBJC_MSGSEND = YES;
				ENABLE_TESTABILITY = YES;
				GCC_C_LANGUAGE_STANDARD = gnu11;
				GCC_DYNAMIC_NO_PIC = NO;
				GCC_NO_COMMON_BLOCKS = YES;
				GCC_OPTIMIZATION_LEVEL = 0;
				GCC_PREPROCESSOR_DEFINITIONS = (
					"DEBUG=1",
					"$(inherited)",
				);
				GCC_WARN_64_TO_32_BIT_CONVERSION = YES;
				GCC_WARN_ABOUT_RETURN_TYPE = YES_ERROR;
				GCC_WARN_UNDECLARED_SELECTOR = YES;
				GCC_WARN_UNINITIALIZED_AUTOS = YES_AGGRESSIVE;
				GCC_WARN_UNUSED_FUNCTION = YES;
				GCC_WARN_UNUSED_VARIABLE = YES;
				IPHONEOS_DEPLOYMENT_TARGET = 16.2;
				MTL_ENABLE_DEBUG_INFO = INCLUDE_SOURCE;
				MTL_FAST_MATH = YES;
				ONLY_ACTIVE_ARCH = YES;
				SDKROOT = iphoneos;
				SWIFT_ACTIVE_COMPILATION_CONDITIONS = DEBUG;
				SWIFT_OPTIMIZATION_LEVEL = "-Onone";
			};
			name = Debug;
		};
		12036D462A784BF600C3D65D /* Release */ = {
			isa = XCBuildConfiguration;
			buildSettings = {
				ALWAYS_SEARCH_USER_PATHS = NO;
				CLANG_ANALYZER_NONNULL = YES;
				CLANG_ANALYZER_NUMBER_OBJECT_CONVERSION = YES_AGGRESSIVE;
				CLANG_CXX_LANGUAGE_STANDARD = "gnu++20";
				CLANG_ENABLE_MODULES = YES;
				CLANG_ENABLE_OBJC_ARC = YES;
				CLANG_ENABLE_OBJC_WEAK = YES;
				CLANG_WARN_BLOCK_CAPTURE_AUTORELEASING = YES;
				CLANG_WARN_BOOL_CONVERSION = YES;
				CLANG_WARN_COMMA = YES;
				CLANG_WARN_CONSTANT_CONVERSION = YES;
				CLANG_WARN_DEPRECATED_OBJC_IMPLEMENTATIONS = YES;
				CLANG_WARN_DIRECT_OBJC_ISA_USAGE = YES_ERROR;
				CLANG_WARN_DOCUMENTATION_COMMENTS = YES;
				CLANG_WARN_EMPTY_BODY = YES;
				CLANG_WARN_ENUM_CONVERSION = YES;
				CLANG_WARN_INFINITE_RECURSION = YES;
				CLANG_WARN_INT_CONVERSION = YES;
				CLANG_WARN_NON_LITERAL_NULL_CONVERSION = YES;
				CLANG_WARN_OBJC_IMPLICIT_RETAIN_SELF = YES;
				CLANG_WARN_OBJC_LITERAL_CONVERSION = YES;
				CLANG_WARN_OBJC_ROOT_CLASS = YES_ERROR;
				CLANG_WARN_QUOTED_INCLUDE_IN_FRAMEWORK_HEADER = YES;
				CLANG_WARN_RANGE_LOOP_ANALYSIS = YES;
				CLANG_WARN_STRICT_PROTOTYPES = YES;
				CLANG_WARN_SUSPICIOUS_MOVE = YES;
				CLANG_WARN_UNGUARDED_AVAILABILITY = YES_AGGRESSIVE;
				CLANG_WARN_UNREACHABLE_CODE = YES;
				CLANG_WARN__DUPLICATE_METHOD_MATCH = YES;
				COPY_PHASE_STRIP = NO;
				DEBUG_INFORMATION_FORMAT = "dwarf-with-dsym";
				ENABLE_NS_ASSERTIONS = NO;
				ENABLE_STRICT_OBJC_MSGSEND = YES;
				GCC_C_LANGUAGE_STANDARD = gnu11;
				GCC_NO_COMMON_BLOCKS = YES;
				GCC_WARN_64_TO_32_BIT_CONVERSION = YES;
				GCC_WARN_ABOUT_RETURN_TYPE = YES_ERROR;
				GCC_WARN_UNDECLARED_SELECTOR = YES;
				GCC_WARN_UNINITIALIZED_AUTOS = YES_AGGRESSIVE;
				GCC_WARN_UNUSED_FUNCTION = YES;
				GCC_WARN_UNUSED_VARIABLE = YES;
				IPHONEOS_DEPLOYMENT_TARGET = 16.2;
				MTL_ENABLE_DEBUG_INFO = NO;
				MTL_FAST_MATH = YES;
				SDKROOT = iphoneos;
				SWIFT_COMPILATION_MODE = wholemodule;
				SWIFT_OPTIMIZATION_LEVEL = "-O";
				VALIDATE_PRODUCT = YES;
			};
			name = Release;
		};
		12036D482A784BF600C3D65D /* Debug */ = {
			isa = XCBuildConfiguration;
			baseConfigurationReference = 28F08F8D78B1050622721687 /* Pods-hikingSafe.debug.xcconfig */;
			buildSettings = {
				ASSETCATALOG_COMPILER_APPICON_NAME = AppIcon;
				ASSETCATALOG_COMPILER_GLOBAL_ACCENT_COLOR_NAME = AccentColor;
				CODE_SIGN_STYLE = Automatic;
				CURRENT_PROJECT_VERSION = 1;
				GENERATE_INFOPLIST_FILE = YES;
				INFOPLIST_FILE = hikingSafe/Info.plist;
				INFOPLIST_KEY_UIApplicationSupportsIndirectInputEvents = YES;
				INFOPLIST_KEY_UILaunchStoryboardName = LaunchScreen;
				INFOPLIST_KEY_UIMainStoryboardFile = Main;
				INFOPLIST_KEY_UISupportedInterfaceOrientations_iPad = "UIInterfaceOrientationPortrait UIInterfaceOrientationPortraitUpsideDown UIInterfaceOrientationLandscapeLeft UIInterfaceOrientationLandscapeRight";
				INFOPLIST_KEY_UISupportedInterfaceOrientations_iPhone = "UIInterfaceOrientationPortrait UIInterfaceOrientationLandscapeLeft UIInterfaceOrientationLandscapeRight";
				LD_RUNPATH_SEARCH_PATHS = (
					"$(inherited)",
					"@executable_path/Frameworks",
				);
				MARKETING_VERSION = 1.0;
				PRODUCT_BUNDLE_IDENTIFIER = com.safety.hikingSafe;
				PRODUCT_NAME = "$(TARGET_NAME)";
				SWIFT_EMIT_LOC_STRINGS = YES;
				SWIFT_VERSION = 5.0;
				TARGETED_DEVICE_FAMILY = "1,2";
			};
			name = Debug;
		};
		12036D492A784BF600C3D65D /* Release */ = {
			isa = XCBuildConfiguration;
			baseConfigurationReference = 9330B719E290057040811133 /* Pods-hikingSafe.release.xcconfig */;
			buildSettings = {
				ASSETCATALOG_COMPILER_APPICON_NAME = AppIcon;
				ASSETCATALOG_COMPILER_GLOBAL_ACCENT_COLOR_NAME = AccentColor;
				CODE_SIGN_STYLE = Automatic;
				CURRENT_PROJECT_VERSION = 1;
				GENERATE_INFOPLIST_FILE = YES;
				INFOPLIST_FILE = hikingSafe/Info.plist;
				INFOPLIST_KEY_UIApplicationSupportsIndirectInputEvents = YES;
				INFOPLIST_KEY_UILaunchStoryboardName = LaunchScreen;
				INFOPLIST_KEY_UIMainStoryboardFile = Main;
				INFOPLIST_KEY_UISupportedInterfaceOrientations_iPad = "UIInterfaceOrientationPortrait UIInterfaceOrientationPortraitUpsideDown UIInterfaceOrientationLandscapeLeft UIInterfaceOrientationLandscapeRight";
				INFOPLIST_KEY_UISupportedInterfaceOrientations_iPhone = "UIInterfaceOrientationPortrait UIInterfaceOrientationLandscapeLeft UIInterfaceOrientationLandscapeRight";
				LD_RUNPATH_SEARCH_PATHS = (
					"$(inherited)",
					"@executable_path/Frameworks",
				);
				MARKETING_VERSION = 1.0;
				PRODUCT_BUNDLE_IDENTIFIER = com.safety.hikingSafe;
				PRODUCT_NAME = "$(TARGET_NAME)";
				SWIFT_EMIT_LOC_STRINGS = YES;
				SWIFT_VERSION = 5.0;
				TARGETED_DEVICE_FAMILY = "1,2";
			};
			name = Release;
		};
		12036D4B2A784BF600C3D65D /* Debug */ = {
			isa = XCBuildConfiguration;
			baseConfigurationReference = CC3B575CBB3FE93D1E7AC267 /* Pods-hikingSafeTests.debug.xcconfig */;
			buildSettings = {
				ALWAYS_EMBED_SWIFT_STANDARD_LIBRARIES = YES;
				BUNDLE_LOADER = "$(TEST_HOST)";
				CODE_SIGN_STYLE = Automatic;
				CURRENT_PROJECT_VERSION = 1;
				GENERATE_INFOPLIST_FILE = YES;
				IPHONEOS_DEPLOYMENT_TARGET = 16.2;
				MARKETING_VERSION = 1.0;
				PRODUCT_BUNDLE_IDENTIFIER = com.safety.hikingSafeTests;
				PRODUCT_NAME = "$(TARGET_NAME)";
				SWIFT_EMIT_LOC_STRINGS = NO;
				SWIFT_VERSION = 5.0;
				TARGETED_DEVICE_FAMILY = "1,2";
				TEST_HOST = "$(BUILT_PRODUCTS_DIR)/hikingSafe.app/$(BUNDLE_EXECUTABLE_FOLDER_PATH)/hikingSafe";
			};
			name = Debug;
		};
		12036D4C2A784BF600C3D65D /* Release */ = {
			isa = XCBuildConfiguration;
			baseConfigurationReference = 93A1FC758570A7AAC0C3AFF9 /* Pods-hikingSafeTests.release.xcconfig */;
			buildSettings = {
				ALWAYS_EMBED_SWIFT_STANDARD_LIBRARIES = YES;
				BUNDLE_LOADER = "$(TEST_HOST)";
				CODE_SIGN_STYLE = Automatic;
				CURRENT_PROJECT_VERSION = 1;
				GENERATE_INFOPLIST_FILE = YES;
				IPHONEOS_DEPLOYMENT_TARGET = 16.2;
				MARKETING_VERSION = 1.0;
				PRODUCT_BUNDLE_IDENTIFIER = com.safety.hikingSafeTests;
				PRODUCT_NAME = "$(TARGET_NAME)";
				SWIFT_EMIT_LOC_STRINGS = NO;
				SWIFT_VERSION = 5.0;
				TARGETED_DEVICE_FAMILY = "1,2";
				TEST_HOST = "$(BUILT_PRODUCTS_DIR)/hikingSafe.app/$(BUNDLE_EXECUTABLE_FOLDER_PATH)/hikingSafe";
			};
			name = Release;
		};
		12036D4E2A784BF600C3D65D /* Debug */ = {
			isa = XCBuildConfiguration;
			baseConfigurationReference = 7737A3CE3D5376EBABA24A54 /* Pods-hikingSafe-hikingSafeUITests.debug.xcconfig */;
			buildSettings = {
				ALWAYS_EMBED_SWIFT_STANDARD_LIBRARIES = YES;
				CODE_SIGN_STYLE = Automatic;
				CURRENT_PROJECT_VERSION = 1;
				GENERATE_INFOPLIST_FILE = YES;
				MARKETING_VERSION = 1.0;
				PRODUCT_BUNDLE_IDENTIFIER = com.safety.hikingSafeUITests;
				PRODUCT_NAME = "$(TARGET_NAME)";
				SWIFT_EMIT_LOC_STRINGS = NO;
				SWIFT_VERSION = 5.0;
				TARGETED_DEVICE_FAMILY = "1,2";
				TEST_TARGET_NAME = hikingSafe;
			};
			name = Debug;
		};
		12036D4F2A784BF600C3D65D /* Release */ = {
			isa = XCBuildConfiguration;
			baseConfigurationReference = 12EE1E8953075068694FCF51 /* Pods-hikingSafe-hikingSafeUITests.release.xcconfig */;
			buildSettings = {
				ALWAYS_EMBED_SWIFT_STANDARD_LIBRARIES = YES;
				CODE_SIGN_STYLE = Automatic;
				CURRENT_PROJECT_VERSION = 1;
				GENERATE_INFOPLIST_FILE = YES;
				MARKETING_VERSION = 1.0;
				PRODUCT_BUNDLE_IDENTIFIER = com.safety.hikingSafeUITests;
				PRODUCT_NAME = "$(TARGET_NAME)";
				SWIFT_EMIT_LOC_STRINGS = NO;
				SWIFT_VERSION = 5.0;
				TARGETED_DEVICE_FAMILY = "1,2";
				TEST_TARGET_NAME = hikingSafe;
			};
			name = Release;
		};
/* End XCBuildConfiguration section */

/* Begin XCConfigurationList section */
		12036D182A784BF400C3D65D /* Build configuration list for PBXProject "hikingSafe" */ = {
			isa = XCConfigurationList;
			buildConfigurations = (
				12036D452A784BF600C3D65D /* Debug */,
				12036D462A784BF600C3D65D /* Release */,
			);
			defaultConfigurationIsVisible = 0;
			defaultConfigurationName = Release;
		};
		12036D472A784BF600C3D65D /* Build configuration list for PBXNativeTarget "hikingSafe" */ = {
			isa = XCConfigurationList;
			buildConfigurations = (
				12036D482A784BF600C3D65D /* Debug */,
				12036D492A784BF600C3D65D /* Release */,
			);
			defaultConfigurationIsVisible = 0;
			defaultConfigurationName = Release;
		};
		12036D4A2A784BF600C3D65D /* Build configuration list for PBXNativeTarget "hikingSafeTests" */ = {
			isa = XCConfigurationList;
			buildConfigurations = (
				12036D4B2A784BF600C3D65D /* Debug */,
				12036D4C2A784BF600C3D65D /* Release */,
			);
			defaultConfigurationIsVisible = 0;
			defaultConfigurationName = Release;
		};
		12036D4D2A784BF600C3D65D /* Build configuration list for PBXNativeTarget "hikingSafeUITests" */ = {
			isa = XCConfigurationList;
			buildConfigurations = (
				12036D4E2A784BF600C3D65D /* Debug */,
				12036D4F2A784BF600C3D65D /* Release */,
			);
			defaultConfigurationIsVisible = 0;
			defaultConfigurationName = Release;
		};
/* End XCConfigurationList section */
	};
	rootObject = 12036D152A784BF400C3D65D /* Project object */;
}
