// !$*UTF8*$!
{
	archiveVersion = 1;
	classes = {
	};
	objectVersion = 56;
	objects = {

/* Begin PBXBuildFile section */
		12036D212A784BF400C3D65D /* AppDelegate.swift in Sources */ = {isa = PBXBuildFile; fileRef = 12036D202A784BF400C3D65D /* AppDelegate.swift */; };
		12036D232A784BF400C3D65D /* SceneDelegate.swift in Sources */ = {isa = PBXBuildFile; fileRef = 12036D222A784BF400C3D65D /* SceneDelegate.swift */; };
		12036D252A784BF400C3D65D /* ViewController.swift in Sources */ = {isa = PBXBuildFile; fileRef = 12036D242A784BF400C3D65D /* ViewController.swift */; };
		12036D282A784BF400C3D65D /* Main.storyboard in Resources */ = {isa = PBXBuildFile; fileRef = 12036D262A784BF400C3D65D /* Main.storyboard */; };
		12036D2A2A784BF600C3D65D /* Assets.xcassets in Resources */ = {isa = PBXBuildFile; fileRef = 12036D292A784BF600C3D65D /* Assets.xcassets */; };
		12036D2D2A784BF600C3D65D /* LaunchScreen.storyboard in Resources */ = {isa = PBXBuildFile; fileRef = 12036D2B2A784BF600C3D65D /* LaunchScreen.storyboard */; };
		12036D382A784BF600C3D65D /* hikingSafeTests.swift in Sources */ = {isa = PBXBuildFile; fileRef = 12036D372A784BF600C3D65D /* hikingSafeTests.swift */; };
		12036D422A784BF600C3D65D /* hikingSafeUITests.swift in Sources */ = {isa = PBXBuildFile; fileRef = 12036D412A784BF600C3D65D /* hikingSafeUITests.swift */; };
		12036D442A784BF600C3D65D /* hikingSafeUITestsLaunchTests.swift in Sources */ = {isa = PBXBuildFile; fileRef = 12036D432A784BF600C3D65D /* hikingSafeUITestsLaunchTests.swift */; };
		126E82F22A787D440044F73C /* SecondViewController.swift in Sources */ = {isa = PBXBuildFile; fileRef = 126E82F12A787D440044F73C /* SecondViewController.swift */; };
		126E82F72A79AF980044F73C /* OnboardingViewController.swift in Sources */ = {isa = PBXBuildFile; fileRef = 126E82F62A79AF980044F73C /* OnboardingViewController.swift */; };
/* End PBXBuildFile section */

/* Begin PBXContainerItemProxy section */
		12036D342A784BF600C3D65D /* PBXContainerItemProxy */ = {
			isa = PBXContainerItemProxy;
			containerPortal = 12036D152A784BF400C3D65D /* Project object */;
			proxyType = 1;
			remoteGlobalIDString = 12036D1C2A784BF400C3D65D;
			remoteInfo = hikingSafe;
		};
		12036D3E2A784BF600C3D65D /* PBXContainerItemProxy */ = {
			isa = PBXContainerItemProxy;
			containerPortal = 12036D152A784BF400C3D65D /* Project object */;
			proxyType = 1;
			remoteGlobalIDString = 12036D1C2A784BF400C3D65D;
			remoteInfo = hikingSafe;
		};
/* End PBXContainerItemProxy section */

/* Begin PBXFileReference section */
		12036D1D2A784BF400C3D65D /* hikingSafe.app */ = {isa = PBXFileReference; explicitFileType = wrapper.application; includeInIndex = 0; path = hikingSafe.app; sourceTree = BUILT_PRODUCTS_DIR; };
		12036D202A784BF400C3D65D /* AppDelegate.swift */ = {isa = PBXFileReference; lastKnownFileType = sourcecode.swift; path = AppDelegate.swift; sourceTree = "<group>"; };
		12036D222A784BF400C3D65D /* SceneDelegate.swift */ = {isa = PBXFileReference; lastKnownFileType = sourcecode.swift; path = SceneDelegate.swift; sourceTree = "<group>"; };
		12036D242A784BF400C3D65D /* ViewController.swift */ = {isa = PBXFileReference; lastKnownFileType = sourcecode.swift; path = ViewController.swift; sourceTree = "<group>"; };
		12036D272A784BF400C3D65D /* Base */ = {isa = PBXFileReference; lastKnownFileType = file.storyboard; name = Base; path = Base.lproj/Main.storyboard; sourceTree = "<group>"; };
		12036D292A784BF600C3D65D /* Assets.xcassets */ = {isa = PBXFileReference; lastKnownFileType = folder.assetcatalog; path = Assets.xcassets; sourceTree = "<group>"; };
		12036D2C2A784BF600C3D65D /* Base */ = {isa = PBXFileReference; lastKnownFileType = file.storyboard; name = Base; path = Base.lproj/LaunchScreen.storyboard; sourceTree = "<group>"; };
		12036D2E2A784BF600C3D65D /* Info.plist */ = {isa = PBXFileReference; lastKnownFileType = text.plist.xml; path = Info.plist; sourceTree = "<group>"; };
		12036D332A784BF600C3D65D /* hikingSafeTests.xctest */ = {isa = PBXFileReference; explicitFileType = wrapper.cfbundle; includeInIndex = 0; path = hikingSafeTests.xctest; sourceTree = BUILT_PRODUCTS_DIR; };
		12036D372A784BF600C3D65D /* hikingSafeTests.swift */ = {isa = PBXFileReference; lastKnownFileType = sourcecode.swift; path = hikingSafeTests.swift; sourceTree = "<group>"; };
		12036D3D2A784BF600C3D65D /* hikingSafeUITests.xctest */ = {isa = PBXFileReference; explicitFileType = wrapper.cfbundle; includeInIndex = 0; path = hikingSafeUITests.xctest; sourceTree = BUILT_PRODUCTS_DIR; };
		12036D412A784BF600C3D65D /* hikingSafeUITests.swift */ = {isa = PBXFileReference; lastKnownFileType = sourcecode.swift; path = hikingSafeUITests.swift; sourceTree = "<group>"; };
		12036D432A784BF600C3D65D /* hikingSafeUITestsLaunchTests.swift */ = {isa = PBXFileReference; lastKnownFileType = sourcecode.swift; path = hikingSafeUITestsLaunchTests.swift; sourceTree = "<group>"; };
		126E82F12A787D440044F73C /* SecondViewController.swift */ = {isa = PBXFileReference; lastKnownFileType = sourcecode.swift; path = SecondViewController.swift; sourceTree = "<group>"; };
		126E82F62A79AF980044F73C /* OnboardingViewController.swift */ = {isa = PBXFileReference; lastKnownFileType = sourcecode.swift; path = OnboardingViewController.swift; sourceTree = "<group>"; };
/* End PBXFileReference section */

/* Begin PBXFrameworksBuildPhase section */
		12036D1A2A784BF400C3D65D /* Frameworks */ = {
			isa = PBXFrameworksBuildPhase;
			buildActionMask = 2147483647;
			files = (
			);
			runOnlyForDeploymentPostprocessing = 0;
		};
		12036D302A784BF600C3D65D /* Frameworks */ = {
			isa = PBXFrameworksBuildPhase;
			buildActionMask = 2147483647;
			files = (
			);
			runOnlyForDeploymentPostprocessing = 0;
		};
		12036D3A2A784BF600C3D65D /* Frameworks */ = {
			isa = PBXFrameworksBuildPhase;
			buildActionMask = 2147483647;
			files = (
			);
			runOnlyForDeploymentPostprocessing = 0;
		};
/* End PBXFrameworksBuildPhase section */

/* Begin PBXGroup section */
		12036D142A784BF400C3D65D = {
			isa = PBXGroup;
			children = (
				12036D1F2A784BF400C3D65D /* hikingSafe */,
				12036D362A784BF600C3D65D /* hikingSafeTests */,
				12036D402A784BF600C3D65D /* hikingSafeUITests */,
				12036D1E2A784BF400C3D65D /* Products */,
			);
			sourceTree = "<group>";
		};
		12036D1E2A784BF400C3D65D /* Products */ = {
			isa = PBXGroup;
			children = (
				12036D1D2A784BF400C3D65D /* hikingSafe.app */,
				12036D332A784BF600C3D65D /* hikingSafeTests.xctest */,
				12036D3D2A784BF600C3D65D /* hikingSafeUITests.xctest */,
			);
			name = Products;
			sourceTree = "<group>";
		};
		12036D1F2A784BF400C3D65D /* hikingSafe */ = {
			isa = PBXGroup;
			children = (
				12036D202A784BF400C3D65D /* AppDelegate.swift */,
				126E82F32A79AF550044F73C /* Models */,
				12036D222A784BF400C3D65D /* SceneDelegate.swift */,
				12036D242A784BF400C3D65D /* ViewController.swift */,
				126E82F42A79AF680044F73C /* Views */,
				126E82F12A787D440044F73C /* SecondViewController.swift */,
				12036D262A784BF400C3D65D /* Main.storyboard */,
				12036D292A784BF600C3D65D /* Assets.xcassets */,
				12036D2B2A784BF600C3D65D /* LaunchScreen.storyboard */,
				12036D2E2A784BF600C3D65D /* Info.plist */,
			);
			path = hikingSafe;
			sourceTree = "<group>";
		};
		12036D362A784BF600C3D65D /* hikingSafeTests */ = {
			isa = PBXGroup;
			children = (
				12036D372A784BF600C3D65D /* hikingSafeTests.swift */,
			);
			path = hikingSafeTests;
			sourceTree = "<group>";
		};
		12036D402A784BF600C3D65D /* hikingSafeUITests */ = {
			isa = PBXGroup;
			children = (
				12036D412A784BF600C3D65D /* hikingSafeUITests.swift */,
				12036D432A784BF600C3D65D /* hikingSafeUITestsLaunchTests.swift */,
			);
			path = hikingSafeUITests;
			sourceTree = "<group>";
		};
		126E82F32A79AF550044F73C /* Models */ = {
			isa = PBXGroup;
			children = (
			);
			path = Models;
			sourceTree = "<group>";
		};
		126E82F42A79AF680044F73C /* Views */ = {
			isa = PBXGroup;
			children = (
				126E82F52A79AF6F0044F73C /* Onboarding */,
			);
			path = Views;
			sourceTree = "<group>";
		};
		126E82F52A79AF6F0044F73C /* Onboarding */ = {
			isa = PBXGroup;
			children = (
				126E82F62A79AF980044F73C /* OnboardingViewController.swift */,
			);
			path = Onboarding;
			sourceTree = "<group>";
		};
/* End PBXGroup section */

/* Begin PBXNativeTarget section */
		12036D1C2A784BF400C3D65D /* hikingSafe */ = {
			isa = PBXNativeTarget;
			buildConfigurationList = 12036D472A784BF600C3D65D /* Build configuration list for PBXNativeTarget "hikingSafe" */;
			buildPhases = (
				12036D192A784BF400C3D65D /* Sources */,
				12036D1A2A784BF400C3D65D /* Frameworks */,
				12036D1B2A784BF400C3D65D /* Resources */,
			);
			buildRules = (
			);
			dependencies = (
			);
			name = hikingSafe;
			productName = hikingSafe;
			productReference = 12036D1D2A784BF400C3D65D /* hikingSafe.app */;
			productType = "com.apple.product-type.application";
		};
		12036D322A784BF600C3D65D /* hikingSafeTests */ = {
			isa = PBXNativeTarget;
			buildConfigurationList = 12036D4A2A784BF600C3D65D /* Build configuration list for PBXNativeTarget "hikingSafeTests" */;
			buildPhases = (
				12036D2F2A784BF600C3D65D /* Sources */,
				12036D302A784BF600C3D65D /* Frameworks */,
				12036D312A784BF600C3D65D /* Resources */,
			);
			buildRules = (
			);
			dependencies = (
				12036D352A784BF600C3D65D /* PBXTargetDependency */,
			);
			name = hikingSafeTests;
			productName = hikingSafeTests;
			productReference = 12036D332A784BF600C3D65D /* hikingSafeTests.xctest */;
			productType = "com.apple.product-type.bundle.unit-test";
		};
		12036D3C2A784BF600C3D65D /* hikingSafeUITests */ = {
			isa = PBXNativeTarget;
			buildConfigurationList = 12036D4D2A784BF600C3D65D /* Build configuration list for PBXNativeTarget "hikingSafeUITests" */;
			buildPhases = (
				12036D392A784BF600C3D65D /* Sources */,
				12036D3A2A784BF600C3D65D /* Frameworks */,
				12036D3B2A784BF600C3D65D /* Resources */,
			);
			buildRules = (
			);
			dependencies = (
				12036D3F2A784BF600C3D65D /* PBXTargetDependency */,
			);
			name = hikingSafeUITests;
			productName = hikingSafeUITests;
			productReference = 12036D3D2A784BF600C3D65D /* hikingSafeUITests.xctest */;
			productType = "com.apple.product-type.bundle.ui-testing";
		};
/* End PBXNativeTarget section */

/* Begin PBXProject section */
		12036D152A784BF400C3D65D /* Project object */ = {
			isa = PBXProject;
			attributes = {
				BuildIndependentTargetsInParallel = 1;
				LastSwiftUpdateCheck = 1420;
				LastUpgradeCheck = 1420;
				TargetAttributes = {
					12036D1C2A784BF400C3D65D = {
						CreatedOnToolsVersion = 14.2;
					};
					12036D322A784BF600C3D65D = {
						CreatedOnToolsVersion = 14.2;
						TestTargetID = 12036D1C2A784BF400C3D65D;
					};
					12036D3C2A784BF600C3D65D = {
						CreatedOnToolsVersion = 14.2;
						TestTargetID = 12036D1C2A784BF400C3D65D;
					};
				};
			};
			buildConfigurationList = 12036D182A784BF400C3D65D /* Build configuration list for PBXProject "hikingSafe" */;
			compatibilityVersion = "Xcode 14.0";
			developmentRegion = en;
			hasScannedForEncodings = 0;
			knownRegions = (
				en,
				Base,
			);
			mainGroup = 12036D142A784BF400C3D65D;
			productRefGroup = 12036D1E2A784BF400C3D65D /* Products */;
			projectDirPath = "";
			projectRoot = "";
			targets = (
				12036D1C2A784BF400C3D65D /* hikingSafe */,
				12036D322A784BF600C3D65D /* hikingSafeTests */,
				12036D3C2A784BF600C3D65D /* hikingSafeUITests */,
			);
		};
/* End PBXProject section */

/* Begin PBXResourcesBuildPhase section */
		12036D1B2A784BF400C3D65D /* Resources */ = {
			isa = PBXResourcesBuildPhase;
			buildActionMask = 2147483647;
			files = (
				12036D2D2A784BF600C3D65D /* LaunchScreen.storyboard in Resources */,
				12036D2A2A784BF600C3D65D /* Assets.xcassets in Resources */,
				12036D282A784BF400C3D65D /* Main.storyboard in Resources */,
			);
			runOnlyForDeploymentPostprocessing = 0;
		};
		12036D312A784BF600C3D65D /* Resources */ = {
			isa = PBXResourcesBuildPhase;
			buildActionMask = 2147483647;
			files = (
			);
			runOnlyForDeploymentPostprocessing = 0;
		};
		12036D3B2A784BF600C3D65D /* Resources */ = {
			isa = PBXResourcesBuildPhase;
			buildActionMask = 2147483647;
			files = (
			);
			runOnlyForDeploymentPostprocessing = 0;
		};
/* End PBXResourcesBuildPhase section */

/* Begin PBXSourcesBuildPhase section */
		12036D192A784BF400C3D65D /* Sources */ = {
			isa = PBXSourcesBuildPhase;
			buildActionMask = 2147483647;
			files = (
				126E82F22A787D440044F73C /* SecondViewController.swift in Sources */,
				12036D252A784BF400C3D65D /* ViewController.swift in Sources */,
				126E82F72A79AF980044F73C /* OnboardingViewController.swift in Sources */,
				12036D212A784BF400C3D65D /* AppDelegate.swift in Sources */,
				12036D232A784BF400C3D65D /* SceneDelegate.swift in Sources */,
			);
			runOnlyForDeploymentPostprocessing = 0;
		};
		12036D2F2A784BF600C3D65D /* Sources */ = {
			isa = PBXSourcesBuildPhase;
			buildActionMask = 2147483647;
			files = (
				12036D382A784BF600C3D65D /* hikingSafeTests.swift in Sources */,
			);
			runOnlyForDeploymentPostprocessing = 0;
		};
		12036D392A784BF600C3D65D /* Sources */ = {
			isa = PBXSourcesBuildPhase;
			buildActionMask = 2147483647;
			files = (
				12036D422A784BF600C3D65D /* hikingSafeUITests.swift in Sources */,
				12036D442A784BF600C3D65D /* hikingSafeUITestsLaunchTests.swift in Sources */,
			);
			runOnlyForDeploymentPostprocessing = 0;
		};
/* End PBXSourcesBuildPhase section */

/* Begin PBXTargetDependency section */
		12036D352A784BF600C3D65D /* PBXTargetDependency */ = {
			isa = PBXTargetDependency;
			target = 12036D1C2A784BF400C3D65D /* hikingSafe */;
			targetProxy = 12036D342A784BF600C3D65D /* PBXContainerItemProxy */;
		};
		12036D3F2A784BF600C3D65D /* PBXTargetDependency */ = {
			isa = PBXTargetDependency;
			target = 12036D1C2A784BF400C3D65D /* hikingSafe */;
			targetProxy = 12036D3E2A784BF600C3D65D /* PBXContainerItemProxy */;
		};
/* End PBXTargetDependency section */

/* Begin PBXVariantGroup section */
		12036D262A784BF400C3D65D /* Main.storyboard */ = {
			isa = PBXVariantGroup;
			children = (
				12036D272A784BF400C3D65D /* Base */,
			);
			name = Main.storyboard;
			sourceTree = "<group>";
		};
		12036D2B2A784BF600C3D65D /* LaunchScreen.storyboard */ = {
			isa = PBXVariantGroup;
			children = (
				12036D2C2A784BF600C3D65D /* Base */,
			);
			name = LaunchScreen.storyboard;
			sourceTree = "<group>";
		};
/* End PBXVariantGroup section */

/* Begin XCBuildConfiguration section */
		12036D452A784BF600C3D65D /* Debug */ = {
			isa = XCBuildConfiguration;
			buildSettings = {
				ALWAYS_SEARCH_USER_PATHS = NO;
				CLANG_ANALYZER_NONNULL = YES;
				CLANG_ANALYZER_NUMBER_OBJECT_CONVERSION = YES_AGGRESSIVE;
				CLANG_CXX_LANGUAGE_STANDARD = "gnu++20";
				CLANG_ENABLE_MODULES = YES;
				CLANG_ENABLE_OBJC_ARC = YES;
				CLANG_ENABLE_OBJC_WEAK = YES;
				CLANG_WARN_BLOCK_CAPTURE_AUTORELEASING = YES;
				CLANG_WARN_BOOL_CONVERSION = YES;
				CLANG_WARN_COMMA = YES;
				CLANG_WARN_CONSTANT_CONVERSION = YES;
				CLANG_WARN_DEPRECATED_OBJC_IMPLEMENTATIONS = YES;
				CLANG_WARN_DIRECT_OBJC_ISA_USAGE = YES_ERROR;
				CLANG_WARN_DOCUMENTATION_COMMENTS = YES;
				CLANG_WARN_EMPTY_BODY = YES;
				CLANG_WARN_ENUM_CONVERSION = YES;
				CLANG_WARN_INFINITE_RECURSION = YES;
				CLANG_WARN_INT_CONVERSION = YES;
				CLANG_WARN_NON_LITERAL_NULL_CONVERSION = YES;
				CLANG_WARN_OBJC_IMPLICIT_RETAIN_SELF = YES;
				CLANG_WARN_OBJC_LITERAL_CONVERSION = YES;
				CLANG_WARN_OBJC_ROOT_CLASS = YES_ERROR;
				CLANG_WARN_QUOTED_INCLUDE_IN_FRAMEWORK_HEADER = YES;
				CLANG_WARN_RANGE_LOOP_ANALYSIS = YES;
				CLANG_WARN_STRICT_PROTOTYPES = YES;
				CLANG_WARN_SUSPICIOUS_MOVE = YES;
				CLANG_WARN_UNGUARDED_AVAILABILITY = YES_AGGRESSIVE;
				CLANG_WARN_UNREACHABLE_CODE = YES;
				CLANG_WARN__DUPLICATE_METHOD_MATCH = YES;
				COPY_PHASE_STRIP = NO;
				DEBUG_INFORMATION_FORMAT = dwarf;
				ENABLE_STRICT_OBJC_MSGSEND = YES;
				ENABLE_TESTABILITY = YES;
				GCC_C_LANGUAGE_STANDARD = gnu11;
				GCC_DYNAMIC_NO_PIC = NO;
				GCC_NO_COMMON_BLOCKS = YES;
				GCC_OPTIMIZATION_LEVEL = 0;
				GCC_PREPROCESSOR_DEFINITIONS = (
					"DEBUG=1",
					"$(inherited)",
				);
				GCC_WARN_64_TO_32_BIT_CONVERSION = YES;
				GCC_WARN_ABOUT_RETURN_TYPE = YES_ERROR;
				GCC_WARN_UNDECLARED_SELECTOR = YES;
				GCC_WARN_UNINITIALIZED_AUTOS = YES_AGGRESSIVE;
				GCC_WARN_UNUSED_FUNCTION = YES;
				GCC_WARN_UNUSED_VARIABLE = YES;
				IPHONEOS_DEPLOYMENT_TARGET = 16.2;
				MTL_ENABLE_DEBUG_INFO = INCLUDE_SOURCE;
				MTL_FAST_MATH = YES;
				ONLY_ACTIVE_ARCH = YES;
				SDKROOT = iphoneos;
				SWIFT_ACTIVE_COMPILATION_CONDITIONS = DEBUG;
				SWIFT_OPTIMIZATION_LEVEL = "-Onone";
			};
			name = Debug;
		};
		12036D462A784BF600C3D65D /* Release */ = {
			isa = XCBuildConfiguration;
			buildSettings = {
				ALWAYS_SEARCH_USER_PATHS = NO;
				CLANG_ANALYZER_NONNULL = YES;
				CLANG_ANALYZER_NUMBER_OBJECT_CONVERSION = YES_AGGRESSIVE;
				CLANG_CXX_LANGUAGE_STANDARD = "gnu++20";
				CLANG_ENABLE_MODULES = YES;
				CLANG_ENABLE_OBJC_ARC = YES;
				CLANG_ENABLE_OBJC_WEAK = YES;
				CLANG_WARN_BLOCK_CAPTURE_AUTORELEASING = YES;
				CLANG_WARN_BOOL_CONVERSION = YES;
				CLANG_WARN_COMMA = YES;
				CLANG_WARN_CONSTANT_CONVERSION = YES;
				CLANG_WARN_DEPRECATED_OBJC_IMPLEMENTATIONS = YES;
				CLANG_WARN_DIRECT_OBJC_ISA_USAGE = YES_ERROR;
				CLANG_WARN_DOCUMENTATION_COMMENTS = YES;
				CLANG_WARN_EMPTY_BODY = YES;
				CLANG_WARN_ENUM_CONVERSION = YES;
				CLANG_WARN_INFINITE_RECURSION = YES;
				CLANG_WARN_INT_CONVERSION = YES;
				CLANG_WARN_NON_LITERAL_NULL_CONVERSION = YES;
				CLANG_WARN_OBJC_IMPLICIT_RETAIN_SELF = YES;
				CLANG_WARN_OBJC_LITERAL_CONVERSION = YES;
				CLANG_WARN_OBJC_ROOT_CLASS = YES_ERROR;
				CLANG_WARN_QUOTED_INCLUDE_IN_FRAMEWORK_HEADER = YES;
				CLANG_WARN_RANGE_LOOP_ANALYSIS = YES;
				CLANG_WARN_STRICT_PROTOTYPES = YES;
				CLANG_WARN_SUSPICIOUS_MOVE = YES;
				CLANG_WARN_UNGUARDED_AVAILABILITY = YES_AGGRESSIVE;
				CLANG_WARN_UNREACHABLE_CODE = YES;
				CLANG_WARN__DUPLICATE_METHOD_MATCH = YES;
				COPY_PHASE_STRIP = NO;
				DEBUG_INFORMATION_FORMAT = "dwarf-with-dsym";
				ENABLE_NS_ASSERTIONS = NO;
				ENABLE_STRICT_OBJC_MSGSEND = YES;
				GCC_C_LANGUAGE_STANDARD = gnu11;
				GCC_NO_COMMON_BLOCKS = YES;
				GCC_WARN_64_TO_32_BIT_CONVERSION = YES;
				GCC_WARN_ABOUT_RETURN_TYPE = YES_ERROR;
				GCC_WARN_UNDECLARED_SELECTOR = YES;
				GCC_WARN_UNINITIALIZED_AUTOS = YES_AGGRESSIVE;
				GCC_WARN_UNUSED_FUNCTION = YES;
				GCC_WARN_UNUSED_VARIABLE = YES;
				IPHONEOS_DEPLOYMENT_TARGET = 16.2;
				MTL_ENABLE_DEBUG_INFO = NO;
				MTL_FAST_MATH = YES;
				SDKROOT = iphoneos;
				SWIFT_COMPILATION_MODE = wholemodule;
				SWIFT_OPTIMIZATION_LEVEL = "-O";
				VALIDATE_PRODUCT = YES;
			};
			name = Release;
		};
		12036D482A784BF600C3D65D /* Debug */ = {
			isa = XCBuildConfiguration;
			buildSettings = {
				ASSETCATALOG_COMPILER_APPICON_NAME = AppIcon;
				ASSETCATALOG_COMPILER_GLOBAL_ACCENT_COLOR_NAME = AccentColor;
				CODE_SIGN_STYLE = Automatic;
				CURRENT_PROJECT_VERSION = 1;
				GENERATE_INFOPLIST_FILE = YES;
				INFOPLIST_FILE = hikingSafe/Info.plist;
				INFOPLIST_KEY_UIApplicationSupportsIndirectInputEvents = YES;
				INFOPLIST_KEY_UILaunchStoryboardName = LaunchScreen;
				INFOPLIST_KEY_UIMainStoryboardFile = Main;
				INFOPLIST_KEY_UISupportedInterfaceOrientations_iPad = "UIInterfaceOrientationPortrait UIInterfaceOrientationPortraitUpsideDown UIInterfaceOrientationLandscapeLeft UIInterfaceOrientationLandscapeRight";
				INFOPLIST_KEY_UISupportedInterfaceOrientations_iPhone = "UIInterfaceOrientationPortrait UIInterfaceOrientationLandscapeLeft UIInterfaceOrientationLandscapeRight";
				LD_RUNPATH_SEARCH_PATHS = (
					"$(inherited)",
					"@executable_path/Frameworks",
				);
				MARKETING_VERSION = 1.0;
				PRODUCT_BUNDLE_IDENTIFIER = com.safety.hikingSafe;
				PRODUCT_NAME = "$(TARGET_NAME)";
				SWIFT_EMIT_LOC_STRINGS = YES;
				SWIFT_VERSION = 5.0;
				TARGETED_DEVICE_FAMILY = "1,2";
			};
			name = Debug;
		};
		12036D492A784BF600C3D65D /* Release */ = {
			isa = XCBuildConfiguration;
			buildSettings = {
				ASSETCATALOG_COMPILER_APPICON_NAME = AppIcon;
				ASSETCATALOG_COMPILER_GLOBAL_ACCENT_COLOR_NAME = AccentColor;
				CODE_SIGN_STYLE = Automatic;
				CURRENT_PROJECT_VERSION = 1;
				GENERATE_INFOPLIST_FILE = YES;
				INFOPLIST_FILE = hikingSafe/Info.plist;
				INFOPLIST_KEY_UIApplicationSupportsIndirectInputEvents = YES;
				INFOPLIST_KEY_UILaunchStoryboardName = LaunchScreen;
				INFOPLIST_KEY_UIMainStoryboardFile = Main;
				INFOPLIST_KEY_UISupportedInterfaceOrientations_iPad = "UIInterfaceOrientationPortrait UIInterfaceOrientationPortraitUpsideDown UIInterfaceOrientationLandscapeLeft UIInterfaceOrientationLandscapeRight";
				INFOPLIST_KEY_UISupportedInterfaceOrientations_iPhone = "UIInterfaceOrientationPortrait UIInterfaceOrientationLandscapeLeft UIInterfaceOrientationLandscapeRight";
				LD_RUNPATH_SEARCH_PATHS = (
					"$(inherited)",
					"@executable_path/Frameworks",
				);
				MARKETING_VERSION = 1.0;
				PRODUCT_BUNDLE_IDENTIFIER = com.safety.hikingSafe;
				PRODUCT_NAME = "$(TARGET_NAME)";
				SWIFT_EMIT_LOC_STRINGS = YES;
				SWIFT_VERSION = 5.0;
				TARGETED_DEVICE_FAMILY = "1,2";
			};
			name = Release;
		};
		12036D4B2A784BF600C3D65D /* Debug */ = {
			isa = XCBuildConfiguration;
			buildSettings = {
				ALWAYS_EMBED_SWIFT_STANDARD_LIBRARIES = YES;
				BUNDLE_LOADER = "$(TEST_HOST)";
				CODE_SIGN_STYLE = Automatic;
				CURRENT_PROJECT_VERSION = 1;
				GENERATE_INFOPLIST_FILE = YES;
				IPHONEOS_DEPLOYMENT_TARGET = 16.2;
				MARKETING_VERSION = 1.0;
				PRODUCT_BUNDLE_IDENTIFIER = com.safety.hikingSafeTests;
				PRODUCT_NAME = "$(TARGET_NAME)";
				SWIFT_EMIT_LOC_STRINGS = NO;
				SWIFT_VERSION = 5.0;
				TARGETED_DEVICE_FAMILY = "1,2";
				TEST_HOST = "$(BUILT_PRODUCTS_DIR)/hikingSafe.app/$(BUNDLE_EXECUTABLE_FOLDER_PATH)/hikingSafe";
			};
			name = Debug;
		};
		12036D4C2A784BF600C3D65D /* Release */ = {
			isa = XCBuildConfiguration;
			buildSettings = {
				ALWAYS_EMBED_SWIFT_STANDARD_LIBRARIES = YES;
				BUNDLE_LOADER = "$(TEST_HOST)";
				CODE_SIGN_STYLE = Automatic;
				CURRENT_PROJECT_VERSION = 1;
				GENERATE_INFOPLIST_FILE = YES;
				IPHONEOS_DEPLOYMENT_TARGET = 16.2;
				MARKETING_VERSION = 1.0;
				PRODUCT_BUNDLE_IDENTIFIER = com.safety.hikingSafeTests;
				PRODUCT_NAME = "$(TARGET_NAME)";
				SWIFT_EMIT_LOC_STRINGS = NO;
				SWIFT_VERSION = 5.0;
				TARGETED_DEVICE_FAMILY = "1,2";
				TEST_HOST = "$(BUILT_PRODUCTS_DIR)/hikingSafe.app/$(BUNDLE_EXECUTABLE_FOLDER_PATH)/hikingSafe";
			};
			name = Release;
		};
		12036D4E2A784BF600C3D65D /* Debug */ = {
			isa = XCBuildConfiguration;
			buildSettings = {
				ALWAYS_EMBED_SWIFT_STANDARD_LIBRARIES = YES;
				CODE_SIGN_STYLE = Automatic;
				CURRENT_PROJECT_VERSION = 1;
				GENERATE_INFOPLIST_FILE = YES;
				MARKETING_VERSION = 1.0;
				PRODUCT_BUNDLE_IDENTIFIER = com.safety.hikingSafeUITests;
				PRODUCT_NAME = "$(TARGET_NAME)";
				SWIFT_EMIT_LOC_STRINGS = NO;
				SWIFT_VERSION = 5.0;
				TARGETED_DEVICE_FAMILY = "1,2";
				TEST_TARGET_NAME = hikingSafe;
			};
			name = Debug;
		};
		12036D4F2A784BF600C3D65D /* Release */ = {
			isa = XCBuildConfiguration;
			buildSettings = {
				ALWAYS_EMBED_SWIFT_STANDARD_LIBRARIES = YES;
				CODE_SIGN_STYLE = Automatic;
				CURRENT_PROJECT_VERSION = 1;
				GENERATE_INFOPLIST_FILE = YES;
				MARKETING_VERSION = 1.0;
				PRODUCT_BUNDLE_IDENTIFIER = com.safety.hikingSafeUITests;
				PRODUCT_NAME = "$(TARGET_NAME)";
				SWIFT_EMIT_LOC_STRINGS = NO;
				SWIFT_VERSION = 5.0;
				TARGETED_DEVICE_FAMILY = "1,2";
				TEST_TARGET_NAME = hikingSafe;
			};
			name = Release;
		};
/* End XCBuildConfiguration section */

/* Begin XCConfigurationList section */
		12036D182A784BF400C3D65D /* Build configuration list for PBXProject "hikingSafe" */ = {
			isa = XCConfigurationList;
			buildConfigurations = (
				12036D452A784BF600C3D65D /* Debug */,
				12036D462A784BF600C3D65D /* Release */,
			);
			defaultConfigurationIsVisible = 0;
			defaultConfigurationName = Release;
		};
		12036D472A784BF600C3D65D /* Build configuration list for PBXNativeTarget "hikingSafe" */ = {
			isa = XCConfigurationList;
			buildConfigurations = (
				12036D482A784BF600C3D65D /* Debug */,
				12036D492A784BF600C3D65D /* Release */,
			);
			defaultConfigurationIsVisible = 0;
			defaultConfigurationName = Release;
		};
		12036D4A2A784BF600C3D65D /* Build configuration list for PBXNativeTarget "hikingSafeTests" */ = {
			isa = XCConfigurationList;
			buildConfigurations = (
				12036D4B2A784BF600C3D65D /* Debug */,
				12036D4C2A784BF600C3D65D /* Release */,
			);
			defaultConfigurationIsVisible = 0;
			defaultConfigurationName = Release;
		};
		12036D4D2A784BF600C3D65D /* Build configuration list for PBXNativeTarget "hikingSafeUITests" */ = {
			isa = XCConfigurationList;
			buildConfigurations = (
				12036D4E2A784BF600C3D65D /* Debug */,
				12036D4F2A784BF600C3D65D /* Release */,
			);
			defaultConfigurationIsVisible = 0;
			defaultConfigurationName = Release;
		};
/* End XCConfigurationList section */
	};
	rootObject = 12036D152A784BF400C3D65D /* Project object */;
}
